{
  "name": "simplemidimusicgenerator",
  "version": "0.0.1",
  "lockfileVersion": 1,
  "requires": true,
  "dependencies": {
    "@rauschma/stringio": {
      "version": "1.4.0",
      "resolved": "https://registry.npmjs.org/@rauschma/stringio/-/stringio-1.4.0.tgz",
      "integrity": "sha512-3uor2f/MXZkmX5RJf8r+OC3WvZVzpSme0yyL0rQDPEnatE02qRcqwEwnsgpgriEck0S/n4vWtUd6tTtrJwk45Q==",
      "dev": true,
      "requires": {
        "@types/node": "^10.0.3"
      },
      "dependencies": {
        "@types/node": {
          "version": "10.17.15",
          "resolved": "https://registry.npmjs.org/@types/node/-/node-10.17.15.tgz",
          "integrity": "sha512-daFGV9GSs6USfPgxceDA8nlSe48XrVCJfDeYm7eokxq/ye7iuOH87hKXgMtEAVLFapkczbZsx868PMDT1Y0a6A==",
          "dev": true
        }
      }
    },
    "@types/node": {
      "version": "13.7.2",
      "resolved": "https://registry.npmjs.org/@types/node/-/node-13.7.2.tgz",
      "integrity": "sha512-uvilvAQbdJvnSBFcKJ2td4016urcGvsiR+N4dHGU87ml8O2Vl6l+ErOi9w0kXSPiwJ1AYlIW+0pDXDWWMOiWbw=="
    },
    "midi-writer-js": {
      "version": "1.7.2",
      "resolved": "https://registry.npmjs.org/midi-writer-js/-/midi-writer-js-1.7.2.tgz",
      "integrity": "sha512-Yinghag6jUVfAmlLi7wmMCe3rBp6IKf+eqcMGsWFEBMSXbEBB7W2YI6W9TWkWnYzfAi//GTKLkeXxVyik5aV1g==",
      "requires": {
        "tonal-midi": "^0.69.7"
      }
    },
    "node-ts": {
      "version": "5.0.3",
      "resolved": "https://registry.npmjs.org/node-ts/-/node-ts-5.0.3.tgz",
      "integrity": "sha512-l0bsflnL+JlQMmTwNN69osPQm4syOkoZRt+S4UM5fxJ+jZorAW2wHnI/7HnUH1J6d1tnHWqjqFxuSyVVEvweRw==",
      "dev": true,
      "requires": {
        "@rauschma/stringio": "^1.4.0",
        "@types/node": "^12.12.5"
      },
      "dependencies": {
        "@types/node": {
          "version": "12.12.27",
          "resolved": "https://registry.npmjs.org/@types/node/-/node-12.12.27.tgz",
          "integrity": "sha512-odQFl/+B9idbdS0e8IxDl2ia/LP8KZLXhV3BUeI98TrZp0uoIzQPhGd+5EtzHmT0SMOIaPd7jfz6pOHLWTtl7A==",
          "dev": true
        }
      }
    },
    "note-parser": {
      "version": "2.0.1",
      "resolved": "https://registry.npmjs.org/note-parser/-/note-parser-2.0.1.tgz",
      "integrity": "sha1-JDj9V6RolLQCs6IHF5hmASnI+8E="
    },
    "tonal-midi": {
      "version": "0.69.7",
      "resolved": "https://registry.npmjs.org/tonal-midi/-/tonal-midi-0.69.7.tgz",
      "integrity": "sha1-51Tsk/Pb2yim051CRXwzrSRf+kc=",
      "requires": {
        "note-parser": "^2.0.1"
      }
    },
    "typescript": {
      "version": "3.7.5",
      "resolved": "https://registry.npmjs.org/typescript/-/typescript-3.7.5.tgz",
      "integrity": "sha512-/P5lkRXkWHNAbcJIiHPfRoKqyd7bsyCma1hZNUGfn20qm64T6ZBlrzprymeu918H+mB/0rIg2gGK/BXkhhYgBw==",
      "dev": true
    }
  }
}
